{
  "name": "triathlon",
  "version": "0.1.0",
  "lockfileVersion": 3,
  "requires": true,
  "packages": {
    "": {
      "name": "triathlon",
      "version": "0.1.0",
      "license": "MIT",
      "bin": {
        "tri": "bin/triathlon.js",
        "triathlon": "bin/triathlon.js"
      },
      "engines": {
        "node": ">=22"
      }
    }
  }
}
